PODS:
  - bdk_flutter (0.31.3):
    - Flutter
  - breez_sdk_liquid (0.10.3):
    - Flutter
    - FlutterMacOS
  - Flutter (1.0.0)
  - integration_test (0.0.1):
    - Flutter
  - lwk (0.1.5)

DEPENDENCIES:
  - bdk_flutter (from `.symlinks/plugins/bdk_flutter/ios`)
  - breez_sdk_liquid (from `.symlinks/plugins/breez_sdk_liquid/ios`)
  - Flutter (from `Flutter`)
  - integration_test (from `.symlinks/plugins/integration_test/ios`)
  - lwk (from `.symlinks/plugins/lwk/ios`)

EXTERNAL SOURCES:
  bdk_flutter:
    :path: ".symlinks/plugins/bdk_flutter/ios"
  breez_sdk_liquid:
    :path: ".symlinks/plugins/breez_sdk_liquid/ios"
  Flutter:
    :path: Flutter
  integration_test:
    :path: ".symlinks/plugins/integration_test/ios"
  lwk:
    :path: ".symlinks/plugins/lwk/ios"

SPEC CHECKSUMS:
  bdk_flutter: 86c9ba59ee282dee08c3a29599abe867d10a8b10
  breez_sdk_liquid: 5080ffe50824193960c81bf029ae9a6da3665a92
  Flutter: e0871f40cf51350855a761d2e70bf5af5b9b5de7
  integration_test: 252f60fa39af5e17c3aa9899d35d908a0721b573
  lwk: 22e06bc5664247d6b2dac91cfe209b63b70dd580

PODFILE CHECKSUM: 3d667228abcca3fcd7540f234d07f3846e1deb95

COCOAPODS: 1.16.2
